
Microsoft Visual Studio Solution File, Format Version 12.00
# Visual Studio 15
Project("{FAE04EC0-301F-11D3-BF4B-00C04F79EFBC}") = "Assembly-CSharp", "Assembly-CSharp.csproj", "{521843C6-B1F8-E6B0-0E92-A200D7DDB304}"
EndProject
Project("{FAE04EC0-301F-11D3-BF4B-00C04F79EFBC}") = "NavMeshComponents", "NavMeshComponents.csproj", "{89357A15-8BD7-B615-5255-CE106A85F402}"
EndProject
Project("{FAE04EC0-301F-11D3-BF4B-00C04F79EFBC}") = "Assembly-CSharp-Editor", "Assembly-CSharp-Editor.csproj", "{0AAA8B54-FC96-FABE-0673-441502E1BC84}"
EndProject
Project("{FAE04EC0-301F-11D3-BF4B-00C04F79EFBC}") = "NavMeshComponentsEditor", "NavMeshComponentsEditor.csproj", "{5724D5B2-C048-6C81-2235-8A144F01B8A0}"
EndProject
Global
	GlobalSection(SolutionConfigurationPlatforms) = preSolution
		Debug|Any CPU = Debug|Any CPU
		Release|Any CPU = Release|Any CPU
	EndGlobalSection
	GlobalSection(ProjectConfigurationPlatforms) = postSolution
		{521843C6-B1F8-E6B0-0E92-A200D7DDB304}.Debug|Any CPU.ActiveCfg = Debug|Any CPU
		{521843C6-B1F8-E6B0-0E92-A200D7DDB304}.Debug|Any CPU.Build.0 = Debug|Any CPU
		{521843C6-B1F8-E6B0-0E92-A200D7DDB304}.Release|Any CPU.ActiveCfg = Release|Any CPU
		{521843C6-B1F8-E6B0-0E92-A200D7DDB304}.Release|Any CPU.Build.0 = Release|Any CPU
		{89357A15-8BD7-B615-5255-CE106A85F402}.Debug|Any CPU.ActiveCfg = Debug|Any CPU
		{89357A15-8BD7-B615-5255-CE106A85F402}.Debug|Any CPU.Build.0 = Debug|Any CPU
		{89357A15-8BD7-B615-5255-CE106A85F402}.Release|Any CPU.ActiveCfg = Release|Any CPU
		{89357A15-8BD7-B615-5255-CE106A85F402}.Release|Any CPU.Build.0 = Release|Any CPU
		{0AAA8B54-FC96-FABE-0673-441502E1BC84}.Debug|Any CPU.ActiveCfg = Debug|Any CPU
		{0AAA8B54-FC96-FABE-0673-441502E1BC84}.Debug|Any CPU.Build.0 = Debug|Any CPU
		{0AAA8B54-FC96-FABE-0673-441502E1BC84}.Release|Any CPU.ActiveCfg = Release|Any CPU
		{0AAA8B54-FC96-FABE-0673-441502E1BC84}.Release|Any CPU.Build.0 = Release|Any CPU
		{5724D5B2-C048-6C81-2235-8A144F01B8A0}.Debug|Any CPU.ActiveCfg = Debug|Any CPU
		{5724D5B2-C048-6C81-2235-8A144F01B8A0}.Debug|Any CPU.Build.0 = Debug|Any CPU
		{5724D5B2-C048-6C81-2235-8A144F01B8A0}.Release|Any CPU.ActiveCfg = Release|Any CPU
		{5724D5B2-C048-6C81-2235-8A144F01B8A0}.Release|Any CPU.Build.0 = Release|Any CPU
	EndGlobalSection
	GlobalSection(SolutionProperties) = preSolution
		HideSolutionNode = FALSE
	EndGlobalSection
EndGlobal
